
Microsoft Visual Studio Solution File, Format Version 12.00
# Visual Studio 2012
# SharpDevelop 5.1
VisualStudioVersion = 12.0.20827.3
MinimumVisualStudioVersion = 10.0.40219.1
Project("{FAE04EC0-301F-11D3-BF4B-00C04F79EFBC}") = "TworzenieKontaGoogle", "TworzenieKontaGoogle\TworzenieKontaGoogle.csproj", "{B35A40ED-586D-4C63-9205-FCA857BCC505}"
EndProject
Global
	GlobalSection(SolutionConfigurationPlatforms) = preSolution
		Debug|Any CPU = Debug|Any CPU
		Release|Any CPU = Release|Any CPU
	EndGlobalSection
	GlobalSection(ProjectConfigurationPlatforms) = postSolution
		{B35A40ED-586D-4C63-9205-FCA857BCC505}.Debug|Any CPU.ActiveCfg = Debug|Any CPU
		{B35A40ED-586D-4C63-9205-FCA857BCC505}.Debug|Any CPU.Build.0 = Debug|Any CPU
		{B35A40ED-586D-4C63-9205-FCA857BCC505}.Release|Any CPU.ActiveCfg = Release|Any CPU
		{B35A40ED-586D-4C63-9205-FCA857BCC505}.Release|Any CPU.Build.0 = Release|Any CPU
	EndGlobalSection
EndGlobal
